
Microsoft Visual Studio Solution File, Format Version 12.00
# Visual Studio Version 17
VisualStudioVersion = 17.8.34330.188
MinimumVisualStudioVersion = 10.0.40219.1
Project("{2150E333-8FDC-42A3-9474-1A3956D46DE8}") = "1.AzureComputeServices", "1.AzureComputeServices", "{2199BDBD-8E7F-4644-B41C-78C9715CC326}"
EndProject
Project("{2150E333-8FDC-42A3-9474-1A3956D46DE8}") = "2.AzureCognitiveAIServices", "2.AzureCognitiveAIServices", "{CFB496D3-3EAB-43B1-A942-F7BABF66151F}"
EndProject
Project("{2150E333-8FDC-42A3-9474-1A3956D46DE8}") = "3.AzureDataServices", "3.AzureDataServices", "{9D49FF1F-D4CA-471E-BD93-884C43BA3D08}"
EndProject
Project("{2150E333-8FDC-42A3-9474-1A3956D46DE8}") = "4.AzureStorageServices", "4.AzureStorageServices", "{B32D6058-7B2F-40DD-855A-41BAA4910B4C}"
EndProject
Project("{2150E333-8FDC-42A3-9474-1A3956D46DE8}") = "5.AzureMessagingServices", "5.AzureMessagingServices", "{650D54C2-BD1C-401A-9E7A-E1DA7A544E12}"
EndProject
Project("{9A19103F-16F7-4668-BE54-9A1E7A4F7556}") = "AzureAITranslator", "AzureAITranslator\AzureAITranslator.csproj", "{1780262E-77E0-4BCC-9022-D67C87FC1FB3}"
EndProject
Project("{9A19103F-16F7-4668-BE54-9A1E7A4F7556}") = "AzureAIOpenAi", "AzureAIOpenAi\AzureAIOpenAi.csproj", "{2DC49FEE-21B4-4C77-8392-793E12543317}"
EndProject
Project("{9A19103F-16F7-4668-BE54-9A1E7A4F7556}") = "AzureAILanguage", "AzureAILanguage\AzureAILanguage.csproj", "{B90E1064-B6E2-492E-8DC7-97555D33CD5C}"
EndProject
Project("{9A19103F-16F7-4668-BE54-9A1E7A4F7556}") = "AzureAISpeech", "AzureAISpeech\AzureAISpeech.csproj", "{84B3E53D-C7AE-4831-806F-91D62C8ACA51}"
EndProject
Project("{9A19103F-16F7-4668-BE54-9A1E7A4F7556}") = "AzureSqlDB", "AzureSqlDB\AzureSqlDB.csproj", "{B6C89C5E-4CFF-4D65-8586-B0DEF616021A}"
EndProject
Project("{9A19103F-16F7-4668-BE54-9A1E7A4F7556}") = "AzurePostgresSql", "AzurePostgresSql\AzurePostgresSql.csproj", "{EDCAF3DF-F4D9-4D7B-A1CC-F65BA5FA4022}"
EndProject
Project("{9A19103F-16F7-4668-BE54-9A1E7A4F7556}") = "AzureredisForCache", "AzureredisForCache\AzureredisForCache.csproj", "{8AC8CC76-93F8-413D-952C-A1A772F6C6E2}"
EndProject
Project("{9A19103F-16F7-4668-BE54-9A1E7A4F7556}") = "AzureQueueStorage", "AzureQueueStorage\AzureQueueStorage.csproj", "{99AB07F1-FD38-4FFC-B1E0-4A2623A7365A}"
EndProject
Project("{9A19103F-16F7-4668-BE54-9A1E7A4F7556}") = "AzureBlobStorage", "AzureBlobStorage\AzureBlobStorage.csproj", "{3BD237CA-00A0-456F-82A6-CCB8C880ABC3}"
EndProject
Project("{9A19103F-16F7-4668-BE54-9A1E7A4F7556}") = "AzureServiceBus", "AzureServiceBus\AzureServiceBus.csproj", "{5A703B90-47A1-48C9-B105-A3DEEBF68F91}"
EndProject
Project("{9A19103F-16F7-4668-BE54-9A1E7A4F7556}") = "AzureEventBus", "AzureEventBus\AzureEventBus.csproj", "{2777BD8D-B927-4EA8-AB96-F0ECD7F5EF42}"
EndProject
Project("{2150E333-8FDC-42A3-9474-1A3956D46DE8}") = "6.AzureIdentityAndSecurity", "6.AzureIdentityAndSecurity", "{0C45C138-43FA-4A0C-B178-EB89E5D0FF9B}"
EndProject
Project("{2150E333-8FDC-42A3-9474-1A3956D46DE8}") = "7.AzureManagemenet", "7.AzureManagemenet", "{649E5DEE-2E4E-4AAA-BBAE-0BF96A7AEE2F}"
EndProject
Project("{9A19103F-16F7-4668-BE54-9A1E7A4F7556}") = "AzureEntraId", "AzureEntraId\AzureEntraId.csproj", "{472349A8-441E-41CD-A3D5-4B1AF7EEE516}"
EndProject
Project("{9A19103F-16F7-4668-BE54-9A1E7A4F7556}") = "AzureKeyValut", "AzureKeyValut\AzureKeyValut.csproj", "{5CD25870-D204-472C-B101-AD1A1785882C}"
EndProject
Project("{9A19103F-16F7-4668-BE54-9A1E7A4F7556}") = "AzureAppConfiguration", "AzureAppConfiguration\AzureAppConfiguration.csproj", "{C85781A6-1C9C-4DFA-8DA5-F6BEABB04E14}"
EndProject
Project("{9A19103F-16F7-4668-BE54-9A1E7A4F7556}") = "AzureKafka", "AzureKafka\AzureKafka.csproj", "{383B43F0-F320-42BB-A0DB-A0B3E17D997F}"
EndProject
Project("{9A19103F-16F7-4668-BE54-9A1E7A4F7556}") = "Azure-AppServices", "Azure-AppServices\Azure-AppServices.csproj", "{4C118CEE-7F68-46D4-9A21-6AAAA9E6C9A9}"
EndProject
Project("{9A19103F-16F7-4668-BE54-9A1E7A4F7556}") = "Azure-Functions", "Azure-Functions\Azure-Functions.csproj", "{59D55177-91A1-4078-A052-17B8406F1824}"
EndProject
Project("{FAE04EC0-301F-11D3-BF4B-00C04F79EFBC}") = "AzureMonitorWithApplicationInsights", "AzureMonitorWithApplicationInsights\AzureMonitorWithApplicationInsights.csproj", "{368F25ED-66A2-4D85-939D-C900F0778A77}"
EndProject
Global
	GlobalSection(SolutionConfigurationPlatforms) = preSolution
		Debug|Any CPU = Debug|Any CPU
		Release|Any CPU = Release|Any CPU
	EndGlobalSection
	GlobalSection(ProjectConfigurationPlatforms) = postSolution
		{1780262E-77E0-4BCC-9022-D67C87FC1FB3}.Debug|Any CPU.ActiveCfg = Debug|Any CPU
		{1780262E-77E0-4BCC-9022-D67C87FC1FB3}.Debug|Any CPU.Build.0 = Debug|Any CPU
		{1780262E-77E0-4BCC-9022-D67C87FC1FB3}.Release|Any CPU.ActiveCfg = Release|Any CPU
		{1780262E-77E0-4BCC-9022-D67C87FC1FB3}.Release|Any CPU.Build.0 = Release|Any CPU
		{2DC49FEE-21B4-4C77-8392-793E12543317}.Debug|Any CPU.ActiveCfg = Debug|Any CPU
		{2DC49FEE-21B4-4C77-8392-793E12543317}.Debug|Any CPU.Build.0 = Debug|Any CPU
		{2DC49FEE-21B4-4C77-8392-793E12543317}.Release|Any CPU.ActiveCfg = Release|Any CPU
		{2DC49FEE-21B4-4C77-8392-793E12543317}.Release|Any CPU.Build.0 = Release|Any CPU
		{B90E1064-B6E2-492E-8DC7-97555D33CD5C}.Debug|Any CPU.ActiveCfg = Debug|Any CPU
		{B90E1064-B6E2-492E-8DC7-97555D33CD5C}.Debug|Any CPU.Build.0 = Debug|Any CPU
		{B90E1064-B6E2-492E-8DC7-97555D33CD5C}.Release|Any CPU.ActiveCfg = Release|Any CPU
		{B90E1064-B6E2-492E-8DC7-97555D33CD5C}.Release|Any CPU.Build.0 = Release|Any CPU
		{84B3E53D-C7AE-4831-806F-91D62C8ACA51}.Debug|Any CPU.ActiveCfg = Debug|Any CPU
		{84B3E53D-C7AE-4831-806F-91D62C8ACA51}.Debug|Any CPU.Build.0 = Debug|Any CPU
		{84B3E53D-C7AE-4831-806F-91D62C8ACA51}.Release|Any CPU.ActiveCfg = Release|Any CPU
		{84B3E53D-C7AE-4831-806F-91D62C8ACA51}.Release|Any CPU.Build.0 = Release|Any CPU
		{B6C89C5E-4CFF-4D65-8586-B0DEF616021A}.Debug|Any CPU.ActiveCfg = Debug|Any CPU
		{B6C89C5E-4CFF-4D65-8586-B0DEF616021A}.Debug|Any CPU.Build.0 = Debug|Any CPU
		{B6C89C5E-4CFF-4D65-8586-B0DEF616021A}.Release|Any CPU.ActiveCfg = Release|Any CPU
		{B6C89C5E-4CFF-4D65-8586-B0DEF616021A}.Release|Any CPU.Build.0 = Release|Any CPU
		{EDCAF3DF-F4D9-4D7B-A1CC-F65BA5FA4022}.Debug|Any CPU.ActiveCfg = Debug|Any CPU
		{EDCAF3DF-F4D9-4D7B-A1CC-F65BA5FA4022}.Debug|Any CPU.Build.0 = Debug|Any CPU
		{EDCAF3DF-F4D9-4D7B-A1CC-F65BA5FA4022}.Release|Any CPU.ActiveCfg = Release|Any CPU
		{EDCAF3DF-F4D9-4D7B-A1CC-F65BA5FA4022}.Release|Any CPU.Build.0 = Release|Any CPU
		{8AC8CC76-93F8-413D-952C-A1A772F6C6E2}.Debug|Any CPU.ActiveCfg = Debug|Any CPU
		{8AC8CC76-93F8-413D-952C-A1A772F6C6E2}.Debug|Any CPU.Build.0 = Debug|Any CPU
		{8AC8CC76-93F8-413D-952C-A1A772F6C6E2}.Release|Any CPU.ActiveCfg = Release|Any CPU
		{8AC8CC76-93F8-413D-952C-A1A772F6C6E2}.Release|Any CPU.Build.0 = Release|Any CPU
		{99AB07F1-FD38-4FFC-B1E0-4A2623A7365A}.Debug|Any CPU.ActiveCfg = Debug|Any CPU
		{99AB07F1-FD38-4FFC-B1E0-4A2623A7365A}.Debug|Any CPU.Build.0 = Debug|Any CPU
		{99AB07F1-FD38-4FFC-B1E0-4A2623A7365A}.Release|Any CPU.ActiveCfg = Release|Any CPU
		{99AB07F1-FD38-4FFC-B1E0-4A2623A7365A}.Release|Any CPU.Build.0 = Release|Any CPU
		{3BD237CA-00A0-456F-82A6-CCB8C880ABC3}.Debug|Any CPU.ActiveCfg = Debug|Any CPU
		{3BD237CA-00A0-456F-82A6-CCB8C880ABC3}.Debug|Any CPU.Build.0 = Debug|Any CPU
		{3BD237CA-00A0-456F-82A6-CCB8C880ABC3}.Release|Any CPU.ActiveCfg = Release|Any CPU
		{3BD237CA-00A0-456F-82A6-CCB8C880ABC3}.Release|Any CPU.Build.0 = Release|Any CPU
		{5A703B90-47A1-48C9-B105-A3DEEBF68F91}.Debug|Any CPU.ActiveCfg = Debug|Any CPU
		{5A703B90-47A1-48C9-B105-A3DEEBF68F91}.Debug|Any CPU.Build.0 = Debug|Any CPU
		{5A703B90-47A1-48C9-B105-A3DEEBF68F91}.Release|Any CPU.ActiveCfg = Release|Any CPU
		{5A703B90-47A1-48C9-B105-A3DEEBF68F91}.Release|Any CPU.Build.0 = Release|Any CPU
		{2777BD8D-B927-4EA8-AB96-F0ECD7F5EF42}.Debug|Any CPU.ActiveCfg = Debug|Any CPU
		{2777BD8D-B927-4EA8-AB96-F0ECD7F5EF42}.Debug|Any CPU.Build.0 = Debug|Any CPU
		{2777BD8D-B927-4EA8-AB96-F0ECD7F5EF42}.Release|Any CPU.ActiveCfg = Release|Any CPU
		{2777BD8D-B927-4EA8-AB96-F0ECD7F5EF42}.Release|Any CPU.Build.0 = Release|Any CPU
		{472349A8-441E-41CD-A3D5-4B1AF7EEE516}.Debug|Any CPU.ActiveCfg = Debug|Any CPU
		{472349A8-441E-41CD-A3D5-4B1AF7EEE516}.Debug|Any CPU.Build.0 = Debug|Any CPU
		{472349A8-441E-41CD-A3D5-4B1AF7EEE516}.Release|Any CPU.ActiveCfg = Release|Any CPU
		{472349A8-441E-41CD-A3D5-4B1AF7EEE516}.Release|Any CPU.Build.0 = Release|Any CPU
		{5CD25870-D204-472C-B101-AD1A1785882C}.Debug|Any CPU.ActiveCfg = Debug|Any CPU
		{5CD25870-D204-472C-B101-AD1A1785882C}.Debug|Any CPU.Build.0 = Debug|Any CPU
		{5CD25870-D204-472C-B101-AD1A1785882C}.Release|Any CPU.ActiveCfg = Release|Any CPU
		{5CD25870-D204-472C-B101-AD1A1785882C}.Release|Any CPU.Build.0 = Release|Any CPU
		{C85781A6-1C9C-4DFA-8DA5-F6BEABB04E14}.Debug|Any CPU.ActiveCfg = Debug|Any CPU
		{C85781A6-1C9C-4DFA-8DA5-F6BEABB04E14}.Debug|Any CPU.Build.0 = Debug|Any CPU
		{C85781A6-1C9C-4DFA-8DA5-F6BEABB04E14}.Release|Any CPU.ActiveCfg = Release|Any CPU
		{C85781A6-1C9C-4DFA-8DA5-F6BEABB04E14}.Release|Any CPU.Build.0 = Release|Any CPU
		{383B43F0-F320-42BB-A0DB-A0B3E17D997F}.Debug|Any CPU.ActiveCfg = Debug|Any CPU
		{383B43F0-F320-42BB-A0DB-A0B3E17D997F}.Debug|Any CPU.Build.0 = Debug|Any CPU
		{383B43F0-F320-42BB-A0DB-A0B3E17D997F}.Release|Any CPU.ActiveCfg = Release|Any CPU
		{383B43F0-F320-42BB-A0DB-A0B3E17D997F}.Release|Any CPU.Build.0 = Release|Any CPU
		{4C118CEE-7F68-46D4-9A21-6AAAA9E6C9A9}.Debug|Any CPU.ActiveCfg = Debug|Any CPU
		{4C118CEE-7F68-46D4-9A21-6AAAA9E6C9A9}.Debug|Any CPU.Build.0 = Debug|Any CPU
		{4C118CEE-7F68-46D4-9A21-6AAAA9E6C9A9}.Release|Any CPU.ActiveCfg = Release|Any CPU
		{4C118CEE-7F68-46D4-9A21-6AAAA9E6C9A9}.Release|Any CPU.Build.0 = Release|Any CPU
		{59D55177-91A1-4078-A052-17B8406F1824}.Debug|Any CPU.ActiveCfg = Debug|Any CPU
		{59D55177-91A1-4078-A052-17B8406F1824}.Debug|Any CPU.Build.0 = Debug|Any CPU
		{59D55177-91A1-4078-A052-17B8406F1824}.Release|Any CPU.ActiveCfg = Release|Any CPU
		{59D55177-91A1-4078-A052-17B8406F1824}.Release|Any CPU.Build.0 = Release|Any CPU
		{368F25ED-66A2-4D85-939D-C900F0778A77}.Debug|Any CPU.ActiveCfg = Debug|Any CPU
		{368F25ED-66A2-4D85-939D-C900F0778A77}.Debug|Any CPU.Build.0 = Debug|Any CPU
		{368F25ED-66A2-4D85-939D-C900F0778A77}.Release|Any CPU.ActiveCfg = Release|Any CPU
		{368F25ED-66A2-4D85-939D-C900F0778A77}.Release|Any CPU.Build.0 = Release|Any CPU
	EndGlobalSection
	GlobalSection(SolutionProperties) = preSolution
		HideSolutionNode = FALSE
	EndGlobalSection
	GlobalSection(NestedProjects) = preSolution
		{1780262E-77E0-4BCC-9022-D67C87FC1FB3} = {CFB496D3-3EAB-43B1-A942-F7BABF66151F}
		{2DC49FEE-21B4-4C77-8392-793E12543317} = {CFB496D3-3EAB-43B1-A942-F7BABF66151F}
		{B90E1064-B6E2-492E-8DC7-97555D33CD5C} = {CFB496D3-3EAB-43B1-A942-F7BABF66151F}
		{84B3E53D-C7AE-4831-806F-91D62C8ACA51} = {CFB496D3-3EAB-43B1-A942-F7BABF66151F}
		{B6C89C5E-4CFF-4D65-8586-B0DEF616021A} = {9D49FF1F-D4CA-471E-BD93-884C43BA3D08}
		{EDCAF3DF-F4D9-4D7B-A1CC-F65BA5FA4022} = {9D49FF1F-D4CA-471E-BD93-884C43BA3D08}
		{8AC8CC76-93F8-413D-952C-A1A772F6C6E2} = {9D49FF1F-D4CA-471E-BD93-884C43BA3D08}
		{99AB07F1-FD38-4FFC-B1E0-4A2623A7365A} = {B32D6058-7B2F-40DD-855A-41BAA4910B4C}
		{3BD237CA-00A0-456F-82A6-CCB8C880ABC3} = {B32D6058-7B2F-40DD-855A-41BAA4910B4C}
		{5A703B90-47A1-48C9-B105-A3DEEBF68F91} = {650D54C2-BD1C-401A-9E7A-E1DA7A544E12}
		{2777BD8D-B927-4EA8-AB96-F0ECD7F5EF42} = {650D54C2-BD1C-401A-9E7A-E1DA7A544E12}
		{472349A8-441E-41CD-A3D5-4B1AF7EEE516} = {0C45C138-43FA-4A0C-B178-EB89E5D0FF9B}
		{5CD25870-D204-472C-B101-AD1A1785882C} = {0C45C138-43FA-4A0C-B178-EB89E5D0FF9B}
		{C85781A6-1C9C-4DFA-8DA5-F6BEABB04E14} = {0C45C138-43FA-4A0C-B178-EB89E5D0FF9B}
		{383B43F0-F320-42BB-A0DB-A0B3E17D997F} = {650D54C2-BD1C-401A-9E7A-E1DA7A544E12}
		{4C118CEE-7F68-46D4-9A21-6AAAA9E6C9A9} = {2199BDBD-8E7F-4644-B41C-78C9715CC326}
		{59D55177-91A1-4078-A052-17B8406F1824} = {2199BDBD-8E7F-4644-B41C-78C9715CC326}
		{368F25ED-66A2-4D85-939D-C900F0778A77} = {649E5DEE-2E4E-4AAA-BBAE-0BF96A7AEE2F}
	EndGlobalSection
	GlobalSection(ExtensibilityGlobals) = postSolution
		SolutionGuid = {5F28DC81-3BDC-47F7-8202-075AFD3DF9B7}
	EndGlobalSection
EndGlobal
